
Microsoft Visual Studio Solution File, Format Version 12.00
# Visual Studio Version 16
VisualStudioVersion = 25.0.1706.2
MinimumVisualStudioVersion = 10.0.40219.1
Project("{FAE04EC0-301F-11D3-BF4B-00C04F79EFBC}") = "PruebaPersonalSoft", "PruebaPersonalSoft\PruebaPersonalSoft.csproj", "{45960144-B593-4169-BD36-40FECF0E6B4B}"
EndProject
Project("{FAE04EC0-301F-11D3-BF4B-00C04F79EFBC}") = "TestPruebaPersonalSoft", "TestPruebaPersonalSoft\TestPruebaPersonalSoft.csproj", "{04B5B780-A231-4458-924E-3B296AE38C9A}"
EndProject
Global
	GlobalSection(SolutionConfigurationPlatforms) = preSolution
		Debug|Any CPU = Debug|Any CPU
		Release|Any CPU = Release|Any CPU
	EndGlobalSection
	GlobalSection(ProjectConfigurationPlatforms) = postSolution
		{45960144-B593-4169-BD36-40FECF0E6B4B}.Debug|Any CPU.ActiveCfg = Debug|Any CPU
		{45960144-B593-4169-BD36-40FECF0E6B4B}.Debug|Any CPU.Build.0 = Debug|Any CPU
		{45960144-B593-4169-BD36-40FECF0E6B4B}.Release|Any CPU.ActiveCfg = Release|Any CPU
		{45960144-B593-4169-BD36-40FECF0E6B4B}.Release|Any CPU.Build.0 = Release|Any CPU
		{04B5B780-A231-4458-924E-3B296AE38C9A}.Debug|Any CPU.ActiveCfg = Debug|Any CPU
		{04B5B780-A231-4458-924E-3B296AE38C9A}.Debug|Any CPU.Build.0 = Debug|Any CPU
		{04B5B780-A231-4458-924E-3B296AE38C9A}.Release|Any CPU.ActiveCfg = Release|Any CPU
		{04B5B780-A231-4458-924E-3B296AE38C9A}.Release|Any CPU.Build.0 = Release|Any CPU
	EndGlobalSection
	GlobalSection(SolutionProperties) = preSolution
		HideSolutionNode = FALSE
	EndGlobalSection
	GlobalSection(ExtensibilityGlobals) = postSolution
		SolutionGuid = {7B913F5A-7617-4793-B05E-0240BB875532}
	EndGlobalSection
EndGlobal
